{
  "lockfile_version": "1",
  "packages": {
    "nodejs@22": {
      "last_modified": "2026-04-16T08:46:55Z",
      "plugin_version": "0.0.2",
      "resolved": "github:NixOS/nixpkgs/b86751bc4085f48661017fa226dee99fab6c651b#nodejs_22",
      "source": "devbox-search",
      "version": "22.22.2",
      "systems": {
        "aarch64-darwin": {
          "outputs": [
            {
              "name": "out",
              "path": "/nix/store/jp1j44w4fvrxvx62fasairgwv80iw6x3-nodejs-22.22.2",
              "default": true
            }
          ],
          "store_path": "/nix/store/jp1j44w4fvrxvx62fasairgwv80iw6x3-nodejs-22.22.2"
        },
        "aarch64-linux": {
          "outputs": [
            {
              "name": "out",
              "path": "/nix/store/8h77mdsa9py3x9xxx2yak50fl6kqf2ma-nodejs-22.22.2",
              "default": true
            }
          ],
          "store_path": "/nix/store/8h77mdsa9py3x9xxx2yak50fl6kqf2ma-nodejs-22.22.2"
        },
        "x86_64-darwin": {
          "outputs": [
            {
              "name": "out",
              "path": "/nix/store/xn66x7bs1winnfa4pakr9lrjamb9bmj3-nodejs-22.22.2",
              "default": true
            }
          ],
          "store_path": "/nix/store/xn66x7bs1winnfa4pakr9lrjamb9bmj3-nodejs-22.22.2"
        },
        "x86_64-linux": {
          "outputs": [
            {
              "name": "out",
              "path": "/nix/store/h2barca1k5pmvcyl9fwrzwrb4cn1b248-nodejs-22.22.2",
              "default": true
            }
          ],
          "store_path": "/nix/store/h2barca1k5pmvcyl9fwrzwrb4cn1b248-nodejs-22.22.2"
        }
      }
    }
  }
}
